
Microsoft Visual Studio Solution File, Format Version 12.00
# Visual Studio Version 17
VisualStudioVersion = 17.2.32630.192
MinimumVisualStudioVersion = 10.0.40219.1
Project("{FAE04EC0-301F-11D3-BF4B-00C04F79EFBC}") = "Đồ Án Cuối Kỳ - Lập Trình Hướng Đối Tượng", "Đồ Án Cuối Kỳ - Lập Trình Hướng Đối Tượng.csproj", "{0A67561C-6696-4DF5-A67F-FE4C8CC2AFFD}"
EndProject
Global
	GlobalSection(SolutionConfigurationPlatforms) = preSolution
		Debug|Any CPU = Debug|Any CPU
		Release|Any CPU = Release|Any CPU
	EndGlobalSection
	GlobalSection(ProjectConfigurationPlatforms) = postSolution
		{0A67561C-6696-4DF5-A67F-FE4C8CC2AFFD}.Debug|Any CPU.ActiveCfg = Debug|Any CPU
		{0A67561C-6696-4DF5-A67F-FE4C8CC2AFFD}.Debug|Any CPU.Build.0 = Debug|Any CPU
		{0A67561C-6696-4DF5-A67F-FE4C8CC2AFFD}.Release|Any CPU.ActiveCfg = Release|Any CPU
		{0A67561C-6696-4DF5-A67F-FE4C8CC2AFFD}.Release|Any CPU.Build.0 = Release|Any CPU
	EndGlobalSection
	GlobalSection(SolutionProperties) = preSolution
		HideSolutionNode = FALSE
	EndGlobalSection
	GlobalSection(ExtensibilityGlobals) = postSolution
		SolutionGuid = {40FC39DB-861A-425C-8CB1-64CCC9BDB258}
	EndGlobalSection
EndGlobal
